
Microsoft Visual Studio Solution File, Format Version 12.00
# Visual Studio 15
VisualStudioVersion = 15.0.28307.779
MinimumVisualStudioVersion = 10.0.40219.1
Project("{FAE04EC0-301F-11D3-BF4B-00C04F79EFBC}") = "DapperTutorial.Api", "DapperTutorial.Api\DapperTutorial.Api.csproj", "{CA3D2EDA-8421-4771-B3C8-27F678697C22}"
EndProject
Project("{FAE04EC0-301F-11D3-BF4B-00C04F79EFBC}") = "DapperTutorial.Entities", "DapperTutorial.Entities\DapperTutorial.Entities.csproj", "{BE7398B2-2AB7-4681-81CB-53FCFF86B96D}"
EndProject
Project("{FAE04EC0-301F-11D3-BF4B-00C04F79EFBC}") = "DapperTutorial.Dal", "DapperTutorial.Dal\DapperTutorial.Dal.csproj", "{CBE406F5-BA16-4634-A5E2-747C30EB4153}"
EndProject
Global
	GlobalSection(SolutionConfigurationPlatforms) = preSolution
		Debug|Any CPU = Debug|Any CPU
		Release|Any CPU = Release|Any CPU
	EndGlobalSection
	GlobalSection(ProjectConfigurationPlatforms) = postSolution
		{CA3D2EDA-8421-4771-B3C8-27F678697C22}.Debug|Any CPU.ActiveCfg = Debug|Any CPU
		{CA3D2EDA-8421-4771-B3C8-27F678697C22}.Debug|Any CPU.Build.0 = Debug|Any CPU
		{CA3D2EDA-8421-4771-B3C8-27F678697C22}.Release|Any CPU.ActiveCfg = Release|Any CPU
		{CA3D2EDA-8421-4771-B3C8-27F678697C22}.Release|Any CPU.Build.0 = Release|Any CPU
		{BE7398B2-2AB7-4681-81CB-53FCFF86B96D}.Debug|Any CPU.ActiveCfg = Debug|Any CPU
		{BE7398B2-2AB7-4681-81CB-53FCFF86B96D}.Debug|Any CPU.Build.0 = Debug|Any CPU
		{BE7398B2-2AB7-4681-81CB-53FCFF86B96D}.Release|Any CPU.ActiveCfg = Release|Any CPU
		{BE7398B2-2AB7-4681-81CB-53FCFF86B96D}.Release|Any CPU.Build.0 = Release|Any CPU
		{CBE406F5-BA16-4634-A5E2-747C30EB4153}.Debug|Any CPU.ActiveCfg = Debug|Any CPU
		{CBE406F5-BA16-4634-A5E2-747C30EB4153}.Debug|Any CPU.Build.0 = Debug|Any CPU
		{CBE406F5-BA16-4634-A5E2-747C30EB4153}.Release|Any CPU.ActiveCfg = Release|Any CPU
		{CBE406F5-BA16-4634-A5E2-747C30EB4153}.Release|Any CPU.Build.0 = Release|Any CPU
	EndGlobalSection
	GlobalSection(SolutionProperties) = preSolution
		HideSolutionNode = FALSE
	EndGlobalSection
	GlobalSection(ExtensibilityGlobals) = postSolution
		SolutionGuid = {F842BFDB-22C4-4966-944C-342553177C47}
	EndGlobalSection
EndGlobal
